
Microsoft Visual Studio Solution File, Format Version 12.00
# Visual Studio Version 17
VisualStudioVersion = 17.1.32210.238
MinimumVisualStudioVersion = 10.0.40219.1
Project("{9A19103F-16F7-4668-BE54-9A1E7A4F7556}") = "KalPortfolio", "KalPortfolio\KalPortfolio.csproj", "{F9C40946-0AA4-49C6-9177-827F8525BA04}"
EndProject
Project("{9A19103F-16F7-4668-BE54-9A1E7A4F7556}") = "DataEntities", "DataEntities\DataEntities.csproj", "{01F34C1F-C8CF-4BB9-A96E-5497C3F6B314}"
EndProject
Project("{9A19103F-16F7-4668-BE54-9A1E7A4F7556}") = "MessagesLibrary", "MessagesLibrary\MessagesLibrary.csproj", "{3FF2E675-02DB-4003-A47C-1E0C0F58BE65}"
EndProject
Project("{FAE04EC0-301F-11D3-BF4B-00C04F79EFBC}") = "LoginLibrary", "LoginLibrary\LoginLibrary.csproj", "{80E74A13-FBE7-42C2-B862-21865F9DA7EF}"
EndProject
Global
	GlobalSection(SolutionConfigurationPlatforms) = preSolution
		Debug|Any CPU = Debug|Any CPU
		Release|Any CPU = Release|Any CPU
	EndGlobalSection
	GlobalSection(ProjectConfigurationPlatforms) = postSolution
		{F9C40946-0AA4-49C6-9177-827F8525BA04}.Debug|Any CPU.ActiveCfg = Debug|Any CPU
		{F9C40946-0AA4-49C6-9177-827F8525BA04}.Debug|Any CPU.Build.0 = Debug|Any CPU
		{F9C40946-0AA4-49C6-9177-827F8525BA04}.Release|Any CPU.ActiveCfg = Release|Any CPU
		{F9C40946-0AA4-49C6-9177-827F8525BA04}.Release|Any CPU.Build.0 = Release|Any CPU
		{01F34C1F-C8CF-4BB9-A96E-5497C3F6B314}.Debug|Any CPU.ActiveCfg = Debug|Any CPU
		{01F34C1F-C8CF-4BB9-A96E-5497C3F6B314}.Debug|Any CPU.Build.0 = Debug|Any CPU
		{01F34C1F-C8CF-4BB9-A96E-5497C3F6B314}.Release|Any CPU.ActiveCfg = Release|Any CPU
		{01F34C1F-C8CF-4BB9-A96E-5497C3F6B314}.Release|Any CPU.Build.0 = Release|Any CPU
		{3FF2E675-02DB-4003-A47C-1E0C0F58BE65}.Debug|Any CPU.ActiveCfg = Debug|Any CPU
		{3FF2E675-02DB-4003-A47C-1E0C0F58BE65}.Debug|Any CPU.Build.0 = Debug|Any CPU
		{3FF2E675-02DB-4003-A47C-1E0C0F58BE65}.Release|Any CPU.ActiveCfg = Release|Any CPU
		{3FF2E675-02DB-4003-A47C-1E0C0F58BE65}.Release|Any CPU.Build.0 = Release|Any CPU
		{80E74A13-FBE7-42C2-B862-21865F9DA7EF}.Debug|Any CPU.ActiveCfg = Debug|Any CPU
		{80E74A13-FBE7-42C2-B862-21865F9DA7EF}.Debug|Any CPU.Build.0 = Debug|Any CPU
		{80E74A13-FBE7-42C2-B862-21865F9DA7EF}.Release|Any CPU.ActiveCfg = Release|Any CPU
		{80E74A13-FBE7-42C2-B862-21865F9DA7EF}.Release|Any CPU.Build.0 = Release|Any CPU
	EndGlobalSection
	GlobalSection(SolutionProperties) = preSolution
		HideSolutionNode = FALSE
	EndGlobalSection
	GlobalSection(ExtensibilityGlobals) = postSolution
		SolutionGuid = {F3472EAD-5362-4C53-A377-C1D3FFE11505}
	EndGlobalSection
EndGlobal
